
Microsoft Visual Studio Solution File, Format Version 12.00
# Visual Studio Version 17
VisualStudioVersion = 17.11.35327.3
MinimumVisualStudioVersion = 10.0.40219.1
Project("{2150E333-8FDC-42A3-9474-1A3956D46DE8}") = "src", "src", "{D48FC221-73E2-48FB-9D5C-670F61181C68}"
EndProject
Project("{2150E333-8FDC-42A3-9474-1A3956D46DE8}") = "Api", "Api", "{A6284BC6-892E-41D7-B258-69F1C856C1AC}"
EndProject
Project("{2150E333-8FDC-42A3-9474-1A3956D46DE8}") = "Core", "Core", "{F478DC6D-0BDF-4BDD-84FA-EBE5FC35F830}"
EndProject
Project("{2150E333-8FDC-42A3-9474-1A3956D46DE8}") = "Infrastructure", "Infrastructure", "{680211EA-9A67-42A4-8903-391529EB722C}"
EndProject
Project("{FAE04EC0-301F-11D3-BF4B-00C04F79EFBC}") = "Application", "Application\Application.csproj", "{BDEA5D8B-A435-4C97-9F05-4C6CEE96DEF6}"
EndProject
Project("{FAE04EC0-301F-11D3-BF4B-00C04F79EFBC}") = "Domain", "Domain\Domain.csproj", "{8B7B5670-2882-437E-AAEA-67108D00EA57}"
EndProject
Project("{FAE04EC0-301F-11D3-BF4B-00C04F79EFBC}") = "Infrastructure", "Infrastructure\Infrastructure.csproj", "{674690A8-1C7F-44A7-BA12-3B0EDD4B1A6F}"
EndProject
Project("{FAE04EC0-301F-11D3-BF4B-00C04F79EFBC}") = "Persistence", "Persistence\Persistence.csproj", "{5F1D5C19-9807-4780-8A20-EC723633CECB}"
EndProject
Project("{FAE04EC0-301F-11D3-BF4B-00C04F79EFBC}") = "API", "API\API.csproj", "{9C2E0EE9-D600-4D49-940F-6848E8B05D55}"
EndProject
Global
	GlobalSection(SolutionConfigurationPlatforms) = preSolution
		Debug|Any CPU = Debug|Any CPU
		Release|Any CPU = Release|Any CPU
	EndGlobalSection
	GlobalSection(ProjectConfigurationPlatforms) = postSolution
		{BDEA5D8B-A435-4C97-9F05-4C6CEE96DEF6}.Debug|Any CPU.ActiveCfg = Debug|Any CPU
		{BDEA5D8B-A435-4C97-9F05-4C6CEE96DEF6}.Debug|Any CPU.Build.0 = Debug|Any CPU
		{BDEA5D8B-A435-4C97-9F05-4C6CEE96DEF6}.Release|Any CPU.ActiveCfg = Release|Any CPU
		{BDEA5D8B-A435-4C97-9F05-4C6CEE96DEF6}.Release|Any CPU.Build.0 = Release|Any CPU
		{8B7B5670-2882-437E-AAEA-67108D00EA57}.Debug|Any CPU.ActiveCfg = Debug|Any CPU
		{8B7B5670-2882-437E-AAEA-67108D00EA57}.Debug|Any CPU.Build.0 = Debug|Any CPU
		{8B7B5670-2882-437E-AAEA-67108D00EA57}.Release|Any CPU.ActiveCfg = Release|Any CPU
		{8B7B5670-2882-437E-AAEA-67108D00EA57}.Release|Any CPU.Build.0 = Release|Any CPU
		{674690A8-1C7F-44A7-BA12-3B0EDD4B1A6F}.Debug|Any CPU.ActiveCfg = Debug|Any CPU
		{674690A8-1C7F-44A7-BA12-3B0EDD4B1A6F}.Debug|Any CPU.Build.0 = Debug|Any CPU
		{674690A8-1C7F-44A7-BA12-3B0EDD4B1A6F}.Release|Any CPU.ActiveCfg = Release|Any CPU
		{674690A8-1C7F-44A7-BA12-3B0EDD4B1A6F}.Release|Any CPU.Build.0 = Release|Any CPU
		{5F1D5C19-9807-4780-8A20-EC723633CECB}.Debug|Any CPU.ActiveCfg = Debug|Any CPU
		{5F1D5C19-9807-4780-8A20-EC723633CECB}.Debug|Any CPU.Build.0 = Debug|Any CPU
		{5F1D5C19-9807-4780-8A20-EC723633CECB}.Release|Any CPU.ActiveCfg = Release|Any CPU
		{5F1D5C19-9807-4780-8A20-EC723633CECB}.Release|Any CPU.Build.0 = Release|Any CPU
		{9C2E0EE9-D600-4D49-940F-6848E8B05D55}.Debug|Any CPU.ActiveCfg = Debug|Any CPU
		{9C2E0EE9-D600-4D49-940F-6848E8B05D55}.Debug|Any CPU.Build.0 = Debug|Any CPU
		{9C2E0EE9-D600-4D49-940F-6848E8B05D55}.Release|Any CPU.ActiveCfg = Release|Any CPU
		{9C2E0EE9-D600-4D49-940F-6848E8B05D55}.Release|Any CPU.Build.0 = Release|Any CPU
	EndGlobalSection
	GlobalSection(SolutionProperties) = preSolution
		HideSolutionNode = FALSE
	EndGlobalSection
	GlobalSection(NestedProjects) = preSolution
		{A6284BC6-892E-41D7-B258-69F1C856C1AC} = {D48FC221-73E2-48FB-9D5C-670F61181C68}
		{F478DC6D-0BDF-4BDD-84FA-EBE5FC35F830} = {D48FC221-73E2-48FB-9D5C-670F61181C68}
		{680211EA-9A67-42A4-8903-391529EB722C} = {D48FC221-73E2-48FB-9D5C-670F61181C68}
		{BDEA5D8B-A435-4C97-9F05-4C6CEE96DEF6} = {F478DC6D-0BDF-4BDD-84FA-EBE5FC35F830}
		{8B7B5670-2882-437E-AAEA-67108D00EA57} = {F478DC6D-0BDF-4BDD-84FA-EBE5FC35F830}
		{674690A8-1C7F-44A7-BA12-3B0EDD4B1A6F} = {680211EA-9A67-42A4-8903-391529EB722C}
		{5F1D5C19-9807-4780-8A20-EC723633CECB} = {680211EA-9A67-42A4-8903-391529EB722C}
		{9C2E0EE9-D600-4D49-940F-6848E8B05D55} = {A6284BC6-892E-41D7-B258-69F1C856C1AC}
	EndGlobalSection
	GlobalSection(ExtensibilityGlobals) = postSolution
		SolutionGuid = {35DD41D5-1699-469E-A9B8-C40505A09EC9}
	EndGlobalSection
EndGlobal
