
Microsoft Visual Studio Solution File, Format Version 12.00
# Visual Studio Version 17
VisualStudioVersion = 17.11.35327.3
MinimumVisualStudioVersion = 10.0.40219.1
Project("{2150E333-8FDC-42A3-9474-1A3956D46DE8}") = "src", "src", "{694FF3B0-EA83-48ED-AA10-F1A88E540990}"
EndProject
Project("{2150E333-8FDC-42A3-9474-1A3956D46DE8}") = "Core", "Core", "{A1C237EA-5821-4342-8DF2-7B3C62671469}"
EndProject
Project("{2150E333-8FDC-42A3-9474-1A3956D46DE8}") = "API", "API", "{4844B367-C12D-4C9A-B106-AF2F7692E2F7}"
EndProject
Project("{2150E333-8FDC-42A3-9474-1A3956D46DE8}") = "Infrastructure", "Infrastructure", "{45984AD3-E011-4354-92AE-6F9FC478DFBE}"
EndProject
Project("{FAE04EC0-301F-11D3-BF4B-00C04F79EFBC}") = "Application", "Application\Application.csproj", "{6F475DE1-EAC6-4763-A0D8-2AE20BB4073E}"
EndProject
Project("{FAE04EC0-301F-11D3-BF4B-00C04F79EFBC}") = "Domain", "Domain\Domain.csproj", "{68BDB9C8-CAE2-4C37-952A-7C08E9B86E12}"
EndProject
Project("{FAE04EC0-301F-11D3-BF4B-00C04F79EFBC}") = "Infrastructure", "Infrastructure\Infrastructure.csproj", "{F7F96C97-2A1C-4BE6-A1B3-0D1AE726A204}"
EndProject
Project("{FAE04EC0-301F-11D3-BF4B-00C04F79EFBC}") = "Persistence", "Persistence\Persistence.csproj", "{7D2FE490-B5D8-45B7-960F-A486DA883252}"
EndProject
Project("{FAE04EC0-301F-11D3-BF4B-00C04F79EFBC}") = "API", "API\API.csproj", "{1F09B05C-6C6D-4984-8543-FCED326AC71C}"
EndProject
Global
	GlobalSection(SolutionConfigurationPlatforms) = preSolution
		Debug|Any CPU = Debug|Any CPU
		Release|Any CPU = Release|Any CPU
	EndGlobalSection
	GlobalSection(ProjectConfigurationPlatforms) = postSolution
		{6F475DE1-EAC6-4763-A0D8-2AE20BB4073E}.Debug|Any CPU.ActiveCfg = Debug|Any CPU
		{6F475DE1-EAC6-4763-A0D8-2AE20BB4073E}.Debug|Any CPU.Build.0 = Debug|Any CPU
		{6F475DE1-EAC6-4763-A0D8-2AE20BB4073E}.Release|Any CPU.ActiveCfg = Release|Any CPU
		{6F475DE1-EAC6-4763-A0D8-2AE20BB4073E}.Release|Any CPU.Build.0 = Release|Any CPU
		{68BDB9C8-CAE2-4C37-952A-7C08E9B86E12}.Debug|Any CPU.ActiveCfg = Debug|Any CPU
		{68BDB9C8-CAE2-4C37-952A-7C08E9B86E12}.Debug|Any CPU.Build.0 = Debug|Any CPU
		{68BDB9C8-CAE2-4C37-952A-7C08E9B86E12}.Release|Any CPU.ActiveCfg = Release|Any CPU
		{68BDB9C8-CAE2-4C37-952A-7C08E9B86E12}.Release|Any CPU.Build.0 = Release|Any CPU
		{F7F96C97-2A1C-4BE6-A1B3-0D1AE726A204}.Debug|Any CPU.ActiveCfg = Debug|Any CPU
		{F7F96C97-2A1C-4BE6-A1B3-0D1AE726A204}.Debug|Any CPU.Build.0 = Debug|Any CPU
		{F7F96C97-2A1C-4BE6-A1B3-0D1AE726A204}.Release|Any CPU.ActiveCfg = Release|Any CPU
		{F7F96C97-2A1C-4BE6-A1B3-0D1AE726A204}.Release|Any CPU.Build.0 = Release|Any CPU
		{7D2FE490-B5D8-45B7-960F-A486DA883252}.Debug|Any CPU.ActiveCfg = Debug|Any CPU
		{7D2FE490-B5D8-45B7-960F-A486DA883252}.Debug|Any CPU.Build.0 = Debug|Any CPU
		{7D2FE490-B5D8-45B7-960F-A486DA883252}.Release|Any CPU.ActiveCfg = Release|Any CPU
		{7D2FE490-B5D8-45B7-960F-A486DA883252}.Release|Any CPU.Build.0 = Release|Any CPU
		{1F09B05C-6C6D-4984-8543-FCED326AC71C}.Debug|Any CPU.ActiveCfg = Debug|Any CPU
		{1F09B05C-6C6D-4984-8543-FCED326AC71C}.Debug|Any CPU.Build.0 = Debug|Any CPU
		{1F09B05C-6C6D-4984-8543-FCED326AC71C}.Release|Any CPU.ActiveCfg = Release|Any CPU
		{1F09B05C-6C6D-4984-8543-FCED326AC71C}.Release|Any CPU.Build.0 = Release|Any CPU
	EndGlobalSection
	GlobalSection(SolutionProperties) = preSolution
		HideSolutionNode = FALSE
	EndGlobalSection
	GlobalSection(NestedProjects) = preSolution
		{A1C237EA-5821-4342-8DF2-7B3C62671469} = {694FF3B0-EA83-48ED-AA10-F1A88E540990}
		{4844B367-C12D-4C9A-B106-AF2F7692E2F7} = {694FF3B0-EA83-48ED-AA10-F1A88E540990}
		{45984AD3-E011-4354-92AE-6F9FC478DFBE} = {694FF3B0-EA83-48ED-AA10-F1A88E540990}
		{6F475DE1-EAC6-4763-A0D8-2AE20BB4073E} = {A1C237EA-5821-4342-8DF2-7B3C62671469}
		{68BDB9C8-CAE2-4C37-952A-7C08E9B86E12} = {A1C237EA-5821-4342-8DF2-7B3C62671469}
		{F7F96C97-2A1C-4BE6-A1B3-0D1AE726A204} = {45984AD3-E011-4354-92AE-6F9FC478DFBE}
		{7D2FE490-B5D8-45B7-960F-A486DA883252} = {45984AD3-E011-4354-92AE-6F9FC478DFBE}
		{1F09B05C-6C6D-4984-8543-FCED326AC71C} = {4844B367-C12D-4C9A-B106-AF2F7692E2F7}
	EndGlobalSection
	GlobalSection(ExtensibilityGlobals) = postSolution
		SolutionGuid = {50BBC292-96F9-4BEB-848D-E16857102CE0}
	EndGlobalSection
EndGlobal
