
Microsoft Visual Studio Solution File, Format Version 12.00
# Visual Studio Version 17
VisualStudioVersion = 17.11.35327.3
MinimumVisualStudioVersion = 10.0.40219.1
Project("{2150E333-8FDC-42A3-9474-1A3956D46DE8}") = "src", "src", "{B18BE082-2F8E-4256-90E9-0124CE36F3CE}"
EndProject
Project("{2150E333-8FDC-42A3-9474-1A3956D46DE8}") = "API", "API", "{7C906BC8-CCED-4CBC-BCEB-442D91D3F664}"
EndProject
Project("{2150E333-8FDC-42A3-9474-1A3956D46DE8}") = "Core", "Core", "{4333888C-F9C2-426C-AFD6-CE67E50DEBB5}"
EndProject
Project("{2150E333-8FDC-42A3-9474-1A3956D46DE8}") = "Infrastructure", "Infrastructure", "{3925BEC0-A35B-489F-8FD1-414C0DECE6BA}"
EndProject
Project("{FAE04EC0-301F-11D3-BF4B-00C04F79EFBC}") = "Api", "Api\Api.csproj", "{28653B0F-D535-423A-BA20-ED3F4F820276}"
EndProject
Project("{FAE04EC0-301F-11D3-BF4B-00C04F79EFBC}") = "Application", "Application1\Application.csproj", "{6A38DFDE-68DE-4BD3-8A13-13A002208D0E}"
EndProject
Project("{FAE04EC0-301F-11D3-BF4B-00C04F79EFBC}") = "Domain", "Domain\Domain.csproj", "{8CB60D13-C323-46B6-92C7-BCB14442BCD7}"
EndProject
Project("{FAE04EC0-301F-11D3-BF4B-00C04F79EFBC}") = "Persistance", "Persistance\Persistance.csproj", "{77E51F59-58F9-40A2-8281-933CE7CB92D5}"
EndProject
Project("{FAE04EC0-301F-11D3-BF4B-00C04F79EFBC}") = "Infrastructure", "Infrastructure\Infrastructure.csproj", "{D4647C12-E912-4EDA-A273-7D2B813127AB}"
EndProject
Global
	GlobalSection(SolutionConfigurationPlatforms) = preSolution
		Debug|Any CPU = Debug|Any CPU
		Release|Any CPU = Release|Any CPU
	EndGlobalSection
	GlobalSection(ProjectConfigurationPlatforms) = postSolution
		{28653B0F-D535-423A-BA20-ED3F4F820276}.Debug|Any CPU.ActiveCfg = Debug|Any CPU
		{28653B0F-D535-423A-BA20-ED3F4F820276}.Debug|Any CPU.Build.0 = Debug|Any CPU
		{28653B0F-D535-423A-BA20-ED3F4F820276}.Release|Any CPU.ActiveCfg = Release|Any CPU
		{28653B0F-D535-423A-BA20-ED3F4F820276}.Release|Any CPU.Build.0 = Release|Any CPU
		{6A38DFDE-68DE-4BD3-8A13-13A002208D0E}.Debug|Any CPU.ActiveCfg = Debug|Any CPU
		{6A38DFDE-68DE-4BD3-8A13-13A002208D0E}.Debug|Any CPU.Build.0 = Debug|Any CPU
		{6A38DFDE-68DE-4BD3-8A13-13A002208D0E}.Release|Any CPU.ActiveCfg = Release|Any CPU
		{6A38DFDE-68DE-4BD3-8A13-13A002208D0E}.Release|Any CPU.Build.0 = Release|Any CPU
		{8CB60D13-C323-46B6-92C7-BCB14442BCD7}.Debug|Any CPU.ActiveCfg = Debug|Any CPU
		{8CB60D13-C323-46B6-92C7-BCB14442BCD7}.Debug|Any CPU.Build.0 = Debug|Any CPU
		{8CB60D13-C323-46B6-92C7-BCB14442BCD7}.Release|Any CPU.ActiveCfg = Release|Any CPU
		{8CB60D13-C323-46B6-92C7-BCB14442BCD7}.Release|Any CPU.Build.0 = Release|Any CPU
		{77E51F59-58F9-40A2-8281-933CE7CB92D5}.Debug|Any CPU.ActiveCfg = Debug|Any CPU
		{77E51F59-58F9-40A2-8281-933CE7CB92D5}.Debug|Any CPU.Build.0 = Debug|Any CPU
		{77E51F59-58F9-40A2-8281-933CE7CB92D5}.Release|Any CPU.ActiveCfg = Release|Any CPU
		{77E51F59-58F9-40A2-8281-933CE7CB92D5}.Release|Any CPU.Build.0 = Release|Any CPU
		{D4647C12-E912-4EDA-A273-7D2B813127AB}.Debug|Any CPU.ActiveCfg = Debug|Any CPU
		{D4647C12-E912-4EDA-A273-7D2B813127AB}.Debug|Any CPU.Build.0 = Debug|Any CPU
		{D4647C12-E912-4EDA-A273-7D2B813127AB}.Release|Any CPU.ActiveCfg = Release|Any CPU
		{D4647C12-E912-4EDA-A273-7D2B813127AB}.Release|Any CPU.Build.0 = Release|Any CPU
	EndGlobalSection
	GlobalSection(SolutionProperties) = preSolution
		HideSolutionNode = FALSE
	EndGlobalSection
	GlobalSection(NestedProjects) = preSolution
		{7C906BC8-CCED-4CBC-BCEB-442D91D3F664} = {B18BE082-2F8E-4256-90E9-0124CE36F3CE}
		{4333888C-F9C2-426C-AFD6-CE67E50DEBB5} = {B18BE082-2F8E-4256-90E9-0124CE36F3CE}
		{3925BEC0-A35B-489F-8FD1-414C0DECE6BA} = {B18BE082-2F8E-4256-90E9-0124CE36F3CE}
		{28653B0F-D535-423A-BA20-ED3F4F820276} = {7C906BC8-CCED-4CBC-BCEB-442D91D3F664}
		{6A38DFDE-68DE-4BD3-8A13-13A002208D0E} = {4333888C-F9C2-426C-AFD6-CE67E50DEBB5}
		{8CB60D13-C323-46B6-92C7-BCB14442BCD7} = {4333888C-F9C2-426C-AFD6-CE67E50DEBB5}
		{77E51F59-58F9-40A2-8281-933CE7CB92D5} = {3925BEC0-A35B-489F-8FD1-414C0DECE6BA}
		{D4647C12-E912-4EDA-A273-7D2B813127AB} = {3925BEC0-A35B-489F-8FD1-414C0DECE6BA}
	EndGlobalSection
	GlobalSection(ExtensibilityGlobals) = postSolution
		SolutionGuid = {B1EAFD8A-2276-4D82-8DB7-D28535395B88}
	EndGlobalSection
EndGlobal
